{
  "nodes": {
    "bun2nix": {
      "inputs": {
        "flake-parts": [
          "llm-agents-nix",
          "flake-parts"
        ],
        "nixpkgs": [
          "llm-agents-nix",
          "nixpkgs"
        ],
        "systems": [
          "llm-agents-nix",
          "systems"
        ],
        "treefmt-nix": [
          "llm-agents-nix",
          "treefmt-nix"
        ]
      },
      "locked": {
        "lastModified": 1784665499,
        "narHash": "sha256-9BMxlTxCCDAeoNLtb1a/st7udtTIJep+wpUzquA29VU=",
        "owner": "nix-community",
        "repo": "bun2nix",
        "rev": "0f2a1f0b6f42cebe3b149bf62d38754c5e0e9729",
        "type": "github"
      },
      "original": {
        "owner": "nix-community",
        "repo": "bun2nix",
        "type": "github"
      }
    },
    "catppuccin": {
      "inputs": {
        "nixpkgs": [
          "nixpkgs"
        ]
      },
      "locked": {
        "lastModified": 1786088497,
        "narHash": "sha256-lUkfsIy1inAB7dxARG2i3seNDHkSmRejEhhH2NYXDJ4=",
        "ref": "refs/heads/main",
        "rev": "9e5cacc4e3a2d01c828fc4b29e88fb577241d70f",
        "shallow": true,
        "type": "git",
        "url": "https://github.com/catppuccin/nix"
      },
      "original": {
        "shallow": true,
        "type": "git",
        "url": "https://github.com/catppuccin/nix"
      }
    },
    "code-comments": {
      "flake": false,
      "locked": {
        "lastModified": 1781783431,
        "narHash": "sha256-AzMilK0hWHfJPy7jOuhBy1sOVLQ31GQjIRUoP5Llv3w=",
        "ref": "refs/heads/master",
        "rev": "f6e1493b5f69c34f0017455a94d5d4e730461b06",
        "shallow": true,
        "type": "git",
        "url": "https://github.com/pash7ka/code-comments"
      },
      "original": {
        "shallow": true,
        "type": "git",
        "url": "https://github.com/pash7ka/code-comments"
      }
    },
    "comin": {
      "inputs": {
        "flake-compat": "flake-compat",
        "nixpkgs": [
          "nixpkgs"
        ],
        "treefmt-nix": "treefmt-nix"
      },
      "locked": {
        "lastModified": 1785835013,
        "narHash": "sha256-Qkxxd7ZVF5I4AnM9dntrqeJjA8T0Yr67mCjgTl7NGpA=",
        "ref": "refs/heads/main",
        "rev": "e72d8cc7ad188dbb109994cba9babf026bacf6ab",
        "shallow": true,
        "type": "git",
        "url": "https://github.com/nlewo/comin"
      },
      "original": {
        "shallow": true,
        "type": "git",
        "url": "https://github.com/nlewo/comin"
      }
    },
    "crane": {
      "locked": {
        "lastModified": 1785782307,
        "narHash": "sha256-MPaRdVkf6zZP5fCPxYCi8Dr4pZzgmXzg8T9nVEbp3Mw=",
        "ref": "refs/heads/master",
        "rev": "2c71e194474d13de031d729b729c968ddbe3507f",
        "shallow": true,
        "type": "git",
        "url": "https://github.com/ipetkov/crane"
      },
      "original": {
        "shallow": true,
        "type": "git",
        "url": "https://github.com/ipetkov/crane"
      }
    },
    "crane_2": {
      "locked": {
        "lastModified": 1781825982,
        "narHash": "sha256-SlXKwIRIhrOSAcTjCB3ftPLzJWZStQIPS7J1FlZPnKk=",
        "owner": "ipetkov",
        "repo": "crane",
        "rev": "469fd08d0bcf6926321fa973c6777fbc87785dd7",
        "type": "github"
      },
      "original": {
        "owner": "ipetkov",
        "repo": "crane",
        "type": "github"
      }
    },
    "devshell": {
      "inputs": {
        "nixpkgs": [
          "nixpkgs"
        ]
      },
      "locked": {
        "lastModified": 1768818222,
        "narHash": "sha256-460jc0+CZfyaO8+w8JNtlClB2n4ui1RbHfPTLkpwhU8=",
        "ref": "refs/heads/main",
        "rev": "255a2b1725a20d060f566e4755dbf571bbbb5f76",
        "shallow": true,
        "type": "git",
        "url": "https://github.com/numtide/devshell"
      },
      "original": {
        "shallow": true,
        "type": "git",
        "url": "https://github.com/numtide/devshell"
      }
    },
    "disko": {
      "inputs": {
        "nixpkgs": [
          "nixpkgs"
        ]
      },
      "locked": {
        "lastModified": 1781152676,
        "narHash": "sha256-RxWs5ND31KzTG7wvMM+PMfUjyNpmIEr999lqNARaM5o=",
        "ref": "refs/heads/master",
        "rev": "ff8702b4de27f72b4c78573dfb89ec74e36abdf1",
        "shallow": true,
        "type": "git",
        "url": "https://github.com/nix-community/disko"
      },
      "original": {
        "shallow": true,
        "type": "git",
        "url": "https://github.com/nix-community/disko"
      }
    },
    "elephant": {
      "inputs": {
        "nixpkgs": [
          "nixpkgs"
        ],
        "systems": "systems"
      },
      "locked": {
        "lastModified": 1784365424,
        "narHash": "sha256-kJO1Tww/GkvLq5amrV4BKidYGr5YumM+cH/xYALAiw4=",
        "ref": "refs/heads/master",
        "rev": "23f37238367355cf46843015ad5e94706200176a",
        "shallow": true,
        "type": "git",
        "url": "https://github.com/abenz1267/elephant"
      },
      "original": {
        "shallow": true,
        "type": "git",
        "url": "https://github.com/abenz1267/elephant"
      }
    },
    "fast-nix-gc": {
      "inputs": {
        "nix-darwin": "nix-darwin",
        "nixpkgs": [
          "nixpkgs"
        ],
        "treefmt-nix": "treefmt-nix_2"
      },
      "locked": {
        "lastModified": 1786037635,
        "narHash": "sha256-Hdq1fQGzztcxC5X3O2bD62FV3lQPEPaB4w9lwS1fH90=",
        "ref": "refs/heads/main",
        "rev": "0243fbc569251eea46894e681e2c86eed7185c46",
        "shallow": true,
        "type": "git",
        "url": "https://github.com/Mic92/fast-nix-gc"
      },
      "original": {
        "shallow": true,
        "type": "git",
        "url": "https://github.com/Mic92/fast-nix-gc"
      }
    },
    "flake-compat": {
      "flake": false,
      "locked": {
        "lastModified": 1767039857,
        "narHash": "sha256-vNpUSpF5Nuw8xvDLj2KCwwksIbjua2LZCqhV1LNRDns=",
        "owner": "NixOS",
        "repo": "flake-compat",
        "rev": "5edf11c44bc78a0d334f6334cdaf7d60d732daab",
        "type": "github"
      },
      "original": {
        "owner": "NixOS",
        "repo": "flake-compat",
        "type": "github"
      }
    },
    "flake-compat_2": {
      "flake": false,
      "locked": {
        "lastModified": 1767039857,
        "narHash": "sha256-vNpUSpF5Nuw8xvDLj2KCwwksIbjua2LZCqhV1LNRDns=",
        "owner": "NixOS",
        "repo": "flake-compat",
        "rev": "5edf11c44bc78a0d334f6334cdaf7d60d732daab",
        "type": "github"
      },
      "original": {
        "owner": "NixOS",
        "repo": "flake-compat",
        "type": "github"
      }
    },
    "flake-compat_3": {
      "flake": false,
      "locked": {
        "lastModified": 1767039857,
        "narHash": "sha256-vNpUSpF5Nuw8xvDLj2KCwwksIbjua2LZCqhV1LNRDns=",
        "owner": "NixOS",
        "repo": "flake-compat",
        "rev": "5edf11c44bc78a0d334f6334cdaf7d60d732daab",
        "type": "github"
      },
      "original": {
        "owner": "NixOS",
        "repo": "flake-compat",
        "type": "github"
      }
    },
    "flake-compat_4": {
      "flake": false,
      "locked": {
        "lastModified": 1767039857,
        "narHash": "sha256-vNpUSpF5Nuw8xvDLj2KCwwksIbjua2LZCqhV1LNRDns=",
        "owner": "NixOS",
        "repo": "flake-compat",
        "rev": "5edf11c44bc78a0d334f6334cdaf7d60d732daab",
        "type": "github"
      },
      "original": {
        "owner": "NixOS",
        "repo": "flake-compat",
        "type": "github"
      }
    },
    "flake-compat_5": {
      "flake": false,
      "locked": {
        "lastModified": 1767039857,
        "narHash": "sha256-vNpUSpF5Nuw8xvDLj2KCwwksIbjua2LZCqhV1LNRDns=",
        "owner": "edolstra",
        "repo": "flake-compat",
        "rev": "5edf11c44bc78a0d334f6334cdaf7d60d732daab",
        "type": "github"
      },
      "original": {
        "owner": "edolstra",
        "repo": "flake-compat",
        "type": "github"
      }
    },
    "flake-compat_6": {
      "flake": false,
      "locked": {
        "lastModified": 1777699697,
        "narHash": "sha256-Eg9b/rq/ECYwNwEXs5i9wHyhxNI0JrYx2srdI2uZMaQ=",
        "ref": "refs/heads/main",
        "rev": "382052b74656a369c5408822af3f2501e9b1af81",
        "revCount": 94,
        "type": "git",
        "url": "https://git.lix.systems/lix-project/flake-compat.git"
      },
      "original": {
        "type": "git",
        "url": "https://git.lix.systems/lix-project/flake-compat.git"
      }
    },
    "flake-parts": {
      "inputs": {
        "nixpkgs-lib": [
          "nixpkgs"
        ]
      },
      "locked": {
        "lastModified": 1785627969,
        "narHash": "sha256-4dtXQk/NMePegK/nWp5NSeuZKLATItOq61lpEvmXqGw=",
        "ref": "refs/heads/main",
        "rev": "427bf4bd9435fdf21321c8cc628c24efc14c0f7a",
        "shallow": true,
        "type": "git",
        "url": "https://github.com/hercules-ci/flake-parts"
      },
      "original": {
        "shallow": true,
        "type": "git",
        "url": "https://github.com/hercules-ci/flake-parts"
      }
    },
    "flake-parts_2": {
      "inputs": {
        "nixpkgs-lib": [
          "llm-agents-nix",
          "nixpkgs"
        ]
      },
      "locked": {
        "lastModified": 1785627969,
        "narHash": "sha256-4dtXQk/NMePegK/nWp5NSeuZKLATItOq61lpEvmXqGw=",
        "owner": "hercules-ci",
        "repo": "flake-parts",
        "rev": "427bf4bd9435fdf21321c8cc628c24efc14c0f7a",
        "type": "github"
      },
      "original": {
        "owner": "hercules-ci",
        "repo": "flake-parts",
        "type": "github"
      }
    },
    "flake-parts_3": {
      "inputs": {
        "nixpkgs-lib": [
          "steam-config-nix",
          "nixpkgs"
        ]
      },
      "locked": {
        "lastModified": 1785627969,
        "narHash": "sha256-4dtXQk/NMePegK/nWp5NSeuZKLATItOq61lpEvmXqGw=",
        "owner": "hercules-ci",
        "repo": "flake-parts",
        "rev": "427bf4bd9435fdf21321c8cc628c24efc14c0f7a",
        "type": "github"
      },
      "original": {
        "owner": "hercules-ci",
        "repo": "flake-parts",
        "type": "github"
      }
    },
    "flake-utils": {
      "inputs": {
        "systems": "systems_2"
      },
      "locked": {
        "lastModified": 1731533236,
        "narHash": "sha256-l0KFg5HjrsfsO/JpG+r7fRrqm12kzFHyUHqHCVpMMbI=",
        "owner": "numtide",
        "repo": "flake-utils",
        "rev": "11707dc2f618dd54ca8739b309ec4fc024de578b",
        "type": "github"
      },
      "original": {
        "owner": "numtide",
        "repo": "flake-utils",
        "type": "github"
      }
    },
    "flake-utils_2": {
      "inputs": {
        "systems": "systems_8"
      },
      "locked": {
        "lastModified": 1731533236,
        "narHash": "sha256-l0KFg5HjrsfsO/JpG+r7fRrqm12kzFHyUHqHCVpMMbI=",
        "owner": "numtide",
        "repo": "flake-utils",
        "rev": "11707dc2f618dd54ca8739b309ec4fc024de578b",
        "type": "github"
      },
      "original": {
        "owner": "numtide",
        "repo": "flake-utils",
        "type": "github"
      }
    },
    "git-hooks": {
      "inputs": {
        "flake-compat": "flake-compat_2",
        "nixpkgs": [
          "go-overlay",
          "nixpkgs"
        ]
      },
      "locked": {
        "lastModified": 1784288435,
        "narHash": "sha256-ReRHaLgr/uVqdD8afFSn+myXIfpHeOhP0yYe0TJqAA8=",
        "owner": "cachix",
        "repo": "git-hooks.nix",
        "rev": "43b3c1ab9d40fb1dbb008f451988a91e375825e9",
        "type": "github"
      },
      "original": {
        "owner": "cachix",
        "repo": "git-hooks.nix",
        "type": "github"
      }
    },
    "gitignore": {
      "inputs": {
        "nixpkgs": [
          "lanzaboote",
          "pre-commit",
          "nixpkgs"
        ]
      },
      "locked": {
        "lastModified": 1709087332,
        "narHash": "sha256-HG2cCnktfHsKV0s4XW83gU3F57gaTljL9KNSuG6bnQs=",
        "owner": "hercules-ci",
        "repo": "gitignore.nix",
        "rev": "637db329424fd7e46cf4185293b9cc8c88c95394",
        "type": "github"
      },
      "original": {
        "owner": "hercules-ci",
        "repo": "gitignore.nix",
        "type": "github"
      }
    },
    "go-overlay": {
      "inputs": {
        "flake-utils": "flake-utils",
        "git-hooks": "git-hooks",
        "nixpkgs": [
          "nixpkgs"
        ]
      },
      "locked": {
        "lastModified": 1786187685,
        "narHash": "sha256-yM+cGzDhRpvbYI0zpCG/wVha6Jbcs6Jlb647wzYbQEk=",
        "ref": "refs/heads/main",
        "rev": "1f5ea3876f1d63709538c395b451f79dc6853229",
        "shallow": true,
        "type": "git",
        "url": "https://github.com/purpleclay/go-overlay"
      },
      "original": {
        "shallow": true,
        "type": "git",
        "url": "https://github.com/purpleclay/go-overlay"
      }
    },
    "hardware": {
      "inputs": {
        "nixpkgs": "nixpkgs"
      },
      "locked": {
        "lastModified": 1785232496,
        "narHash": "sha256-65EQYIRRpTdpH8lUiB6Mvo5uBkG60aBIzAJuALfx+O0=",
        "ref": "refs/heads/master",
        "rev": "2e790b0a6be8ec2b76174ac0931b8ff11919ec98",
        "shallow": true,
        "type": "git",
        "url": "https://github.com/nixos/nixos-hardware"
      },
      "original": {
        "shallow": true,
        "type": "git",
        "url": "https://github.com/nixos/nixos-hardware"
      }
    },
    "helium": {
      "inputs": {
        "nixpkgs": [
          "nixpkgs"
        ]
      },
      "locked": {
        "lastModified": 1786258250,
        "narHash": "sha256-ZUy5SMvSDGd86Df0pJgaGwVZreX/CpdHXDXClFQDpmU=",
        "ref": "refs/heads/main",
        "rev": "28bc215212301707372db9196bc9a00128da081a",
        "shallow": true,
        "type": "git",
        "url": "https://github.com/cjavad/nixpille-helium"
      },
      "original": {
        "shallow": true,
        "type": "git",
        "url": "https://github.com/cjavad/nixpille-helium"
      }
    },
    "herdr": {
      "inputs": {
        "nixpkgs": [
          "nixpkgs"
        ],
        "rust-overlay": "rust-overlay"
      },
      "locked": {
        "lastModified": 1786276211,
        "narHash": "sha256-J7QWMIS4r85i374n9K7ctm4fIS/PJnz8CK//fEdWvnY=",
        "ref": "refs/heads/master",
        "rev": "e7c38ab37f967d16e2eacdb0bbde2d933a332057",
        "shallow": true,
        "type": "git",
        "url": "https://github.com/ogulcancelik/herdr"
      },
      "original": {
        "shallow": true,
        "type": "git",
        "url": "https://github.com/ogulcancelik/herdr"
      }
    },
    "home-manager": {
      "inputs": {
        "nixpkgs": [
          "nixpkgs"
        ]
      },
      "locked": {
        "lastModified": 1786031233,
        "narHash": "sha256-TIDlLTLI1/pB7IqgjzcKQjpODQsZE2oII4XGG9B6KjI=",
        "ref": "refs/heads/master",
        "rev": "7834e82588860aaf780cec1366524456a70898d7",
        "shallow": true,
        "type": "git",
        "url": "https://github.com/nix-community/home-manager"
      },
      "original": {
        "shallow": true,
        "type": "git",
        "url": "https://github.com/nix-community/home-manager"
      }
    },
    "home-manager_2": {
      "inputs": {
        "nixpkgs": [
          "impermanence",
          "nixpkgs"
        ]
      },
      "locked": {
        "lastModified": 1768598210,
        "narHash": "sha256-kkgA32s/f4jaa4UG+2f8C225Qvclxnqs76mf8zvTVPg=",
        "owner": "nix-community",
        "repo": "home-manager",
        "rev": "c47b2cc64a629f8e075de52e4742de688f930dc6",
        "type": "github"
      },
      "original": {
        "owner": "nix-community",
        "repo": "home-manager",
        "type": "github"
      }
    },
    "hyprland-scroll-overview": {
      "flake": false,
      "locked": {
        "lastModified": 1786156682,
        "narHash": "sha256-SEa8XQtrNg90AUeZFE9+lGvYEWd0T2ht/+sKx+kWUak=",
        "ref": "refs/heads/main",
        "rev": "f9248ab6bee770e9d68813b48cc6ca12b3271254",
        "shallow": true,
        "type": "git",
        "url": "https://github.com/yayuuu/hyprland-scroll-overview"
      },
      "original": {
        "shallow": true,
        "type": "git",
        "url": "https://github.com/yayuuu/hyprland-scroll-overview"
      }
    },
    "impermanence": {
      "inputs": {
        "home-manager": "home-manager_2",
        "nixpkgs": [
          "nixpkgs"
        ]
      },
      "locked": {
        "lastModified": 1769548169,
        "narHash": "sha256-03+JxvzmfwRu+5JafM0DLbxgHttOQZkUtDWBmeUkN8Y=",
        "ref": "refs/heads/master",
        "rev": "7b1d382faf603b6d264f58627330f9faa5cba149",
        "shallow": true,
        "type": "git",
        "url": "https://github.com/nix-community/impermanence"
      },
      "original": {
        "shallow": true,
        "type": "git",
        "url": "https://github.com/nix-community/impermanence"
      }
    },
    "jovian": {
      "inputs": {
        "nix-github-actions": "nix-github-actions",
        "nixpkgs": [
          "nixpkgs"
        ]
      },
      "locked": {
        "lastModified": 1786221710,
        "narHash": "sha256-aanL3SfzU8+p2HeD3AaPVU23Kd2XpPibQVC7zFlu3hw=",
        "ref": "refs/heads/development",
        "rev": "57773e5c9efe27d298d732a2a061a380a5194090",
        "shallow": true,
        "type": "git",
        "url": "https://github.com/Jovian-Experiments/Jovian-NixOS"
      },
      "original": {
        "shallow": true,
        "type": "git",
        "url": "https://github.com/Jovian-Experiments/Jovian-NixOS"
      }
    },
    "kauth": {
      "inputs": {
        "go-overlay": [
          "go-overlay"
        ],
        "nixpkgs": [
          "nixpkgs"
        ]
      },
      "locked": {
        "lastModified": 1785950063,
        "narHash": "sha256-XHmUvub1T9zkrYsKN6pat62HXQcTHwvdnrnHEjyWhb8=",
        "ref": "refs/tags/0.2.28",
        "rev": "d838a38b0a563191d752b63d4ee46c084dfed99d",
        "shallow": true,
        "type": "git",
        "url": "https://github.com/krezh/kauth"
      },
      "original": {
        "ref": "refs/tags/0.2.28",
        "shallow": true,
        "type": "git",
        "url": "https://github.com/krezh/kauth"
      }
    },
    "lanzaboote": {
      "inputs": {
        "crane": "crane_2",
        "nixpkgs": [
          "nixpkgs"
        ],
        "pre-commit": "pre-commit",
        "rust-overlay": "rust-overlay_2"
      },
      "locked": {
        "lastModified": 1782141370,
        "narHash": "sha256-hqijVSEETttmo8Okql9/LG0Ua34hdciKW1a5zzlj8mU=",
        "ref": "refs/tags/v1.1.0",
        "rev": "7c9a54a7f87b4539ddbd8bda09a8a5f5f9361aa9",
        "shallow": true,
        "type": "git",
        "url": "https://github.com/nix-community/lanzaboote"
      },
      "original": {
        "ref": "refs/tags/v1.1.0",
        "shallow": true,
        "type": "git",
        "url": "https://github.com/nix-community/lanzaboote"
      }
    },
    "llm-agents-nix": {
      "inputs": {
        "bun2nix": "bun2nix",
        "flake-parts": "flake-parts_2",
        "nixpkgs": [
          "nixpkgs"
        ],
        "systems": "systems_3",
        "treefmt-nix": "treefmt-nix_3"
      },
      "locked": {
        "lastModified": 1786275593,
        "narHash": "sha256-JcorQMqnmYSI0Kw53P/Gr0GUrHAqSBR1SvEiUPIF828=",
        "ref": "refs/heads/main",
        "rev": "a3cf44d5a3082134ada0d95736f542954eecd3f7",
        "shallow": true,
        "type": "git",
        "url": "https://github.com/numtide/llm-agents.nix"
      },
      "original": {
        "shallow": true,
        "type": "git",
        "url": "https://github.com/numtide/llm-agents.nix"
      }
    },
    "mnw": {
      "locked": {
        "lastModified": 1780772958,
        "narHash": "sha256-VKKe8r4pwCGWZ3Yr9CPN129R4S3CKLSrlYqdYz3vKpM=",
        "owner": "Gerg-L",
        "repo": "mnw",
        "rev": "0871dbf63a53610c95db04439ed8ea4d6ec9c160",
        "type": "github"
      },
      "original": {
        "owner": "Gerg-L",
        "repo": "mnw",
        "type": "github"
      }
    },
    "nix-cachyos-kernel": {
      "inputs": {
        "flake-compat": "flake-compat_4",
        "flake-parts": [
          "flake-parts"
        ],
        "nixpkgs": [
          "nixpkgs"
        ]
      },
      "locked": {
        "lastModified": 1785609312,
        "narHash": "sha256-u2jA6fdtpzPgvw/49NP5P9y2SoopurMGuw0UZgaPkeY=",
        "rev": "c6be74346ad21399708e2f15c403e51a27a4ed13",
        "shallow": true,
        "type": "git",
        "url": "https://github.com/xddxdd/nix-cachyos-kernel"
      },
      "original": {
        "rev": "c6be74346ad21399708e2f15c403e51a27a4ed13",
        "shallow": true,
        "type": "git",
        "url": "https://github.com/xddxdd/nix-cachyos-kernel"
      }
    },
    "nix-darwin": {
      "inputs": {
        "nixpkgs": [
          "fast-nix-gc",
          "nixpkgs"
        ]
      },
      "locked": {
        "lastModified": 1785389976,
        "narHash": "sha256-0tLW8Ff5yt8AH97jw4ZpFJ0OCJ122zIlgWGDmOfU/VU=",
        "owner": "nix-darwin",
        "repo": "nix-darwin",
        "rev": "15abb8c98f336cd8bd840d71059adebabe60bf04",
        "type": "github"
      },
      "original": {
        "owner": "nix-darwin",
        "repo": "nix-darwin",
        "type": "github"
      }
    },
    "nix-github-actions": {
      "inputs": {
        "nixpkgs": [
          "jovian",
          "nixpkgs"
        ]
      },
      "locked": {
        "lastModified": 1729697500,
        "narHash": "sha256-VFTWrbzDlZyFHHb1AlKRiD/qqCJIripXKiCSFS8fAOY=",
        "owner": "zhaofengli",
        "repo": "nix-github-actions",
        "rev": "e418aeb728b6aa5ca8c5c71974e7159c2df1d8cf",
        "type": "github"
      },
      "original": {
        "owner": "zhaofengli",
        "ref": "matrix-name",
        "repo": "nix-github-actions",
        "type": "github"
      }
    },
    "nix-index": {
      "inputs": {
        "nixpkgs": [
          "nixpkgs"
        ]
      },
      "locked": {
        "lastModified": 1786249295,
        "narHash": "sha256-Y2mSr+HLKYoOsjiackgilxkHXe8gkJ3z4hFFekjQX3I=",
        "ref": "refs/heads/main",
        "rev": "14d55b8069119e3b88da7aa2f6c97f86a2cd3cd6",
        "shallow": true,
        "type": "git",
        "url": "https://github.com/nix-community/nix-index-database"
      },
      "original": {
        "shallow": true,
        "type": "git",
        "url": "https://github.com/nix-community/nix-index-database"
      }
    },
    "nix4vscode": {
      "inputs": {
        "nixpkgs": [
          "nixpkgs"
        ],
        "systems": "systems_4"
      },
      "locked": {
        "lastModified": 1786241763,
        "narHash": "sha256-75JA5bEBY4cY7dHDrH4Gz2MmN3KyH0Uo6RjRPj/CgLA=",
        "ref": "refs/heads/master",
        "rev": "f73c69d3ed6211c686214ec09dcdb74da5c04ccb",
        "shallow": true,
        "type": "git",
        "url": "https://github.com/nix-community/nix4vscode"
      },
      "original": {
        "shallow": true,
        "type": "git",
        "url": "https://github.com/nix-community/nix4vscode"
      }
    },
    "nixcord": {
      "inputs": {
        "flake-parts": [
          "flake-parts"
        ],
        "nixpkgs": [
          "nixpkgs"
        ],
        "nixpkgs-nixcord": [
          "nixpkgs"
        ],
        "treefmt-nix": "treefmt-nix_4"
      },
      "locked": {
        "lastModified": 1786251505,
        "narHash": "sha256-LFU9VIQp9i9woVUyyuHNZbaPiw7sD//lsn4S0awg/Gw=",
        "ref": "refs/heads/main",
        "rev": "a2c231759b0853d7b4adcef94860af472c5ce0fb",
        "shallow": true,
        "type": "git",
        "url": "https://github.com/4evy/nixcord"
      },
      "original": {
        "shallow": true,
        "type": "git",
        "url": "https://github.com/4evy/nixcord"
      }
    },
    "nixos-wsl": {
      "inputs": {
        "flake-compat": "flake-compat_5",
        "nixpkgs": [
          "nixpkgs"
        ]
      },
      "locked": {
        "lastModified": 1784642409,
        "narHash": "sha256-hcbDqFuySAJawljt5r0sKBCJKYnbtGD0T/ZIozH1Dq0=",
        "ref": "refs/heads/main",
        "rev": "eaeb18da90024448a60eb1ec7132eafa4003404e",
        "shallow": true,
        "type": "git",
        "url": "https://github.com/nix-community/nixos-wsl"
      },
      "original": {
        "shallow": true,
        "type": "git",
        "url": "https://github.com/nix-community/nixos-wsl"
      }
    },
    "nixpkgs": {
      "locked": {
        "lastModified": 1767892417,
        "narHash": "sha256-8bW3q88CEg2u4hSP66Vf4lpbLonHz7hqDNBMcCY7E9U=",
        "rev": "3497aa5c9457a9d88d71fa93a4a8368816fbeeba",
        "type": "tarball",
        "url": "https://releases.nixos.org/nixos/unstable/nixos-26.05pre924538.3497aa5c9457/nixexprs.tar.xz"
      },
      "original": {
        "type": "tarball",
        "url": "https://channels.nixos.org/nixos-unstable/nixexprs.tar.xz"
      }
    },
    "nixpkgs_2": {
      "locked": {
        "lastModified": 1786106723,
        "narHash": "sha256-zDSUbpoeo/9ZmD2+wXnzxoo1+uhL8vxc0b8yuYMKYq0=",
        "ref": "nixos-unstable",
        "rev": "f13ff45afd1bb73e640eaa08a7066dbed07e3238",
        "shallow": true,
        "type": "git",
        "url": "https://github.com/NixOS/nixpkgs"
      },
      "original": {
        "ref": "nixos-unstable",
        "shallow": true,
        "type": "git",
        "url": "https://github.com/NixOS/nixpkgs"
      }
    },
    "noctalia": {
      "inputs": {
        "nixpkgs": [
          "nixpkgs"
        ]
      },
      "locked": {
        "lastModified": 1786239779,
        "narHash": "sha256-JxVEUqGZH1PzNh4w6p0UjJRycm33uUxX1ryotRErf3A=",
        "ref": "refs/heads/main",
        "rev": "ad647ae1bc1a119eaafb849ccce5391e9fdb0918",
        "shallow": true,
        "type": "git",
        "url": "https://github.com/noctalia-dev/noctalia-shell"
      },
      "original": {
        "shallow": true,
        "type": "git",
        "url": "https://github.com/noctalia-dev/noctalia-shell"
      }
    },
    "nvf": {
      "inputs": {
        "flake-compat": "flake-compat_6",
        "mnw": "mnw",
        "nixpkgs": [
          "nixpkgs"
        ]
      },
      "locked": {
        "lastModified": 1786271460,
        "narHash": "sha256-EMXhSJDzD/Atk+qB0o5wLlM4BecWNIwQit4QolPlKMc=",
        "ref": "refs/heads/main",
        "rev": "a92366a75549ec843fd46f0d13dc2ef971540b7b",
        "shallow": true,
        "type": "git",
        "url": "https://github.com/notashelf/nvf"
      },
      "original": {
        "shallow": true,
        "type": "git",
        "url": "https://github.com/notashelf/nvf"
      }
    },
    "pre-commit": {
      "inputs": {
        "flake-compat": "flake-compat_3",
        "gitignore": "gitignore",
        "nixpkgs": [
          "lanzaboote",
          "nixpkgs"
        ]
      },
      "locked": {
        "lastModified": 1781733627,
        "narHash": "sha256-U3yTuGBnmXvXoQI3qkpfEDsn9RovQPAjN7ndRco+3u0=",
        "owner": "cachix",
        "repo": "pre-commit-hooks.nix",
        "rev": "3bbec39bc90eadfa031e6f3b77272f3f60803e39",
        "type": "github"
      },
      "original": {
        "owner": "cachix",
        "repo": "pre-commit-hooks.nix",
        "type": "github"
      }
    },
    "root": {
      "inputs": {
        "catppuccin": "catppuccin",
        "code-comments": "code-comments",
        "comin": "comin",
        "crane": "crane",
        "devshell": "devshell",
        "disko": "disko",
        "elephant": "elephant",
        "fast-nix-gc": "fast-nix-gc",
        "flake-parts": "flake-parts",
        "go-overlay": "go-overlay",
        "hardware": "hardware",
        "helium": "helium",
        "herdr": "herdr",
        "home-manager": "home-manager",
        "hyprland-scroll-overview": "hyprland-scroll-overview",
        "impermanence": "impermanence",
        "jovian": "jovian",
        "kauth": "kauth",
        "lanzaboote": "lanzaboote",
        "llm-agents-nix": "llm-agents-nix",
        "nix-cachyos-kernel": "nix-cachyos-kernel",
        "nix-index": "nix-index",
        "nix4vscode": "nix4vscode",
        "nixcord": "nixcord",
        "nixos-wsl": "nixos-wsl",
        "nixpkgs": "nixpkgs_2",
        "noctalia": "noctalia",
        "nvf": "nvf",
        "rust-overlay": "rust-overlay_3",
        "silentSDDM": "silentSDDM",
        "sops-nix": "sops-nix",
        "spicetify-nix": "spicetify-nix",
        "steam-config-nix": "steam-config-nix",
        "treefmt-nix": "treefmt-nix_5",
        "undo": "undo",
        "walker": "walker",
        "xilo": "xilo",
        "zen-browser": "zen-browser",
        "zen-browser-catppuccin": "zen-browser-catppuccin"
      }
    },
    "rust-overlay": {
      "inputs": {
        "nixpkgs": [
          "herdr",
          "nixpkgs"
        ]
      },
      "locked": {
        "lastModified": 1783577481,
        "narHash": "sha256-EWMxOWrJ031f8f/lrcEmhTRs4npw1/5N3Hcjin846c8=",
        "owner": "oxalica",
        "repo": "rust-overlay",
        "rev": "4cdea398dc491b082dccdce0fad1ed0b75fa3394",
        "type": "github"
      },
      "original": {
        "owner": "oxalica",
        "repo": "rust-overlay",
        "type": "github"
      }
    },
    "rust-overlay_2": {
      "inputs": {
        "nixpkgs": [
          "lanzaboote",
          "nixpkgs"
        ]
      },
      "locked": {
        "lastModified": 1782012058,
        "narHash": "sha256-9mWUnReOUXfKjZuJAL/bAFH3LUyECTRtXgSNVjRw3UY=",
        "owner": "oxalica",
        "repo": "rust-overlay",
        "rev": "8534567325bd8a8d2928e6afd81e0a87d19efd3c",
        "type": "github"
      },
      "original": {
        "owner": "oxalica",
        "repo": "rust-overlay",
        "type": "github"
      }
    },
    "rust-overlay_3": {
      "inputs": {
        "nixpkgs": [
          "nixpkgs"
        ]
      },
      "locked": {
        "lastModified": 1786247265,
        "narHash": "sha256-cVTcTqAhzSNMOVddtBhFpuv+Vx6/SgrhgZWJiI61H24=",
        "ref": "refs/heads/master",
        "rev": "6df7076ea0f5697e3242719a4c71211f00411cf5",
        "shallow": true,
        "type": "git",
        "url": "https://github.com/oxalica/rust-overlay"
      },
      "original": {
        "shallow": true,
        "type": "git",
        "url": "https://github.com/oxalica/rust-overlay"
      }
    },
    "silentSDDM": {
      "inputs": {
        "nixpkgs": [
          "nixpkgs"
        ]
      },
      "locked": {
        "lastModified": 1785353884,
        "narHash": "sha256-UYAP/sPJxG95tN6a4VNTcskY54ud2sIQKrTzTLioGv0=",
        "ref": "refs/heads/main",
        "rev": "0dc4386ef570659537b480f4b226b3b6f2699948",
        "shallow": true,
        "type": "git",
        "url": "https://github.com/uiriansan/SilentSDDM"
      },
      "original": {
        "shallow": true,
        "type": "git",
        "url": "https://github.com/uiriansan/SilentSDDM"
      }
    },
    "sops-nix": {
      "inputs": {
        "nixpkgs": [
          "nixpkgs"
        ]
      },
      "locked": {
        "lastModified": 1783174389,
        "narHash": "sha256-aCWC8ngycU7OdJrU2+Je3qf+1a2ykuBvpPhZT/9tXMc=",
        "ref": "refs/heads/master",
        "rev": "f1406619a3884cd5c47992a70b8b35c9c0fcb4c9",
        "shallow": true,
        "type": "git",
        "url": "https://github.com/Mic92/sops-nix"
      },
      "original": {
        "shallow": true,
        "type": "git",
        "url": "https://github.com/Mic92/sops-nix"
      }
    },
    "spicetify-nix": {
      "inputs": {
        "nixpkgs": [
          "nixpkgs"
        ],
        "systems": "systems_5"
      },
      "locked": {
        "lastModified": 1786252193,
        "narHash": "sha256-a9SbkJWloPso00G4zIUkerd9n2qRyDYoDPeUc4O3ME8=",
        "ref": "refs/heads/master",
        "rev": "a87616995724d27079b495ca07318512af799449",
        "shallow": true,
        "type": "git",
        "url": "https://github.com/Gerg-L/spicetify-nix"
      },
      "original": {
        "shallow": true,
        "type": "git",
        "url": "https://github.com/Gerg-L/spicetify-nix"
      }
    },
    "steam-config-nix": {
      "inputs": {
        "flake-parts": "flake-parts_3",
        "nixpkgs": [
          "nixpkgs"
        ],
        "systems": "systems_6"
      },
      "locked": {
        "lastModified": 1786190480,
        "narHash": "sha256-3UUUgX86avrPlcit3OuEupbilu1YWrN3xlEW3drZpnM=",
        "ref": "refs/heads/main",
        "rev": "7fe7a34d45d15962e9180ecb4bb4c979b9a062b7",
        "shallow": true,
        "type": "git",
        "url": "https://github.com/different-name/steam-config-nix"
      },
      "original": {
        "shallow": true,
        "type": "git",
        "url": "https://github.com/different-name/steam-config-nix"
      }
    },
    "systems": {
      "locked": {
        "lastModified": 1689347949,
        "narHash": "sha256-12tWmuL2zgBgZkdoB6qXZsgJEH9LR3oUgpaQq2RbI80=",
        "owner": "nix-systems",
        "repo": "default-linux",
        "rev": "31732fcf5e8fea42e59c2488ad31a0e651500f68",
        "type": "github"
      },
      "original": {
        "owner": "nix-systems",
        "repo": "default-linux",
        "type": "github"
      }
    },
    "systems_2": {
      "locked": {
        "lastModified": 1681028828,
        "narHash": "sha256-Vy1rq5AaRuLzOxct8nz4T6wlgyUR7zLU309k9mBC768=",
        "owner": "nix-systems",
        "repo": "default",
        "rev": "da67096a3b9bf56a91d16901293e51ba5b49a27e",
        "type": "github"
      },
      "original": {
        "owner": "nix-systems",
        "repo": "default",
        "type": "github"
      }
    },
    "systems_3": {
      "locked": {
        "lastModified": 1681028828,
        "narHash": "sha256-Vy1rq5AaRuLzOxct8nz4T6wlgyUR7zLU309k9mBC768=",
        "owner": "nix-systems",
        "repo": "default",
        "rev": "da67096a3b9bf56a91d16901293e51ba5b49a27e",
        "type": "github"
      },
      "original": {
        "owner": "nix-systems",
        "repo": "default",
        "type": "github"
      }
    },
    "systems_4": {
      "flake": false,
      "locked": {
        "lastModified": 1681028828,
        "narHash": "sha256-Vy1rq5AaRuLzOxct8nz4T6wlgyUR7zLU309k9mBC768=",
        "owner": "nix-systems",
        "repo": "default",
        "rev": "da67096a3b9bf56a91d16901293e51ba5b49a27e",
        "type": "github"
      },
      "original": {
        "owner": "nix-systems",
        "repo": "default",
        "type": "github"
      }
    },
    "systems_5": {
      "locked": {
        "lastModified": 1681028828,
        "narHash": "sha256-Vy1rq5AaRuLzOxct8nz4T6wlgyUR7zLU309k9mBC768=",
        "owner": "nix-systems",
        "repo": "default",
        "rev": "da67096a3b9bf56a91d16901293e51ba5b49a27e",
        "type": "github"
      },
      "original": {
        "owner": "nix-systems",
        "repo": "default",
        "type": "github"
      }
    },
    "systems_6": {
      "locked": {
        "lastModified": 1681028828,
        "narHash": "sha256-Vy1rq5AaRuLzOxct8nz4T6wlgyUR7zLU309k9mBC768=",
        "owner": "nix-systems",
        "repo": "default",
        "rev": "da67096a3b9bf56a91d16901293e51ba5b49a27e",
        "type": "github"
      },
      "original": {
        "owner": "nix-systems",
        "repo": "default",
        "type": "github"
      }
    },
    "systems_7": {
      "locked": {
        "lastModified": 1689347949,
        "narHash": "sha256-12tWmuL2zgBgZkdoB6qXZsgJEH9LR3oUgpaQq2RbI80=",
        "owner": "nix-systems",
        "repo": "default-linux",
        "rev": "31732fcf5e8fea42e59c2488ad31a0e651500f68",
        "type": "github"
      },
      "original": {
        "owner": "nix-systems",
        "repo": "default-linux",
        "type": "github"
      }
    },
    "systems_8": {
      "locked": {
        "lastModified": 1681028828,
        "narHash": "sha256-Vy1rq5AaRuLzOxct8nz4T6wlgyUR7zLU309k9mBC768=",
        "owner": "nix-systems",
        "repo": "default",
        "rev": "da67096a3b9bf56a91d16901293e51ba5b49a27e",
        "type": "github"
      },
      "original": {
        "owner": "nix-systems",
        "repo": "default",
        "type": "github"
      }
    },
    "treefmt-nix": {
      "inputs": {
        "nixpkgs": [
          "nixpkgs"
        ]
      },
      "locked": {
        "lastModified": 1785945821,
        "narHash": "sha256-NLSyTCW4K4ofhNBllt3omPasm6QpralXH1DBZOc91Dw=",
        "owner": "numtide",
        "repo": "treefmt-nix",
        "rev": "ae7910970dddc408fe6ab1c8e4b277bb21d72dc0",
        "type": "github"
      },
      "original": {
        "owner": "numtide",
        "repo": "treefmt-nix",
        "type": "github"
      }
    },
    "treefmt-nix_2": {
      "inputs": {
        "nixpkgs": [
          "fast-nix-gc",
          "nixpkgs"
        ]
      },
      "locked": {
        "lastModified": 1785360170,
        "narHash": "sha256-XE1lKgQ3eIO3E7zWryqcRsax+mYXod/5RHBn4YaR9YE=",
        "owner": "numtide",
        "repo": "treefmt-nix",
        "rev": "d1187f8bc71fb8aab02395869ec3f5c1920f75c0",
        "type": "github"
      },
      "original": {
        "owner": "numtide",
        "repo": "treefmt-nix",
        "type": "github"
      }
    },
    "treefmt-nix_3": {
      "inputs": {
        "nixpkgs": [
          "llm-agents-nix",
          "nixpkgs"
        ]
      },
      "locked": {
        "lastModified": 1785945821,
        "narHash": "sha256-NLSyTCW4K4ofhNBllt3omPasm6QpralXH1DBZOc91Dw=",
        "owner": "numtide",
        "repo": "treefmt-nix",
        "rev": "ae7910970dddc408fe6ab1c8e4b277bb21d72dc0",
        "type": "github"
      },
      "original": {
        "owner": "numtide",
        "repo": "treefmt-nix",
        "type": "github"
      }
    },
    "treefmt-nix_4": {
      "inputs": {
        "nixpkgs": [
          "nixcord",
          "nixpkgs"
        ]
      },
      "locked": {
        "lastModified": 1785360170,
        "narHash": "sha256-XE1lKgQ3eIO3E7zWryqcRsax+mYXod/5RHBn4YaR9YE=",
        "owner": "numtide",
        "repo": "treefmt-nix",
        "rev": "d1187f8bc71fb8aab02395869ec3f5c1920f75c0",
        "type": "github"
      },
      "original": {
        "owner": "numtide",
        "repo": "treefmt-nix",
        "type": "github"
      }
    },
    "treefmt-nix_5": {
      "inputs": {
        "nixpkgs": [
          "nixpkgs"
        ]
      },
      "locked": {
        "lastModified": 1785945821,
        "narHash": "sha256-NLSyTCW4K4ofhNBllt3omPasm6QpralXH1DBZOc91Dw=",
        "ref": "refs/heads/main",
        "rev": "ae7910970dddc408fe6ab1c8e4b277bb21d72dc0",
        "shallow": true,
        "type": "git",
        "url": "https://github.com/numtide/treefmt-nix"
      },
      "original": {
        "shallow": true,
        "type": "git",
        "url": "https://github.com/numtide/treefmt-nix"
      }
    },
    "undo": {
      "inputs": {
        "nixpkgs": [
          "nixpkgs"
        ]
      },
      "locked": {
        "lastModified": 1785873714,
        "narHash": "sha256-zYRUh2IeVfZBNWGW9fQCz4XPBK2x/3PVpg6rUUqpVYY=",
        "ref": "refs/heads/main",
        "rev": "8acc5354a732a1a6d29e7fff2377f334a2cd5d8a",
        "shallow": true,
        "type": "git",
        "url": "https://github.com/edaywalid/undo"
      },
      "original": {
        "shallow": true,
        "type": "git",
        "url": "https://github.com/edaywalid/undo"
      }
    },
    "walker": {
      "inputs": {
        "elephant": [
          "elephant"
        ],
        "nixpkgs": [
          "nixpkgs"
        ],
        "systems": "systems_7"
      },
      "locked": {
        "lastModified": 1784217994,
        "narHash": "sha256-gxHJsrJZo2qbKK47Kf/9ho3i/HhRwkL8XvPnczGPd9E=",
        "ref": "refs/heads/master",
        "rev": "42b3ed88abf50bc52638fb2835b7f17e3ea3ac4c",
        "shallow": true,
        "type": "git",
        "url": "https://github.com/abenz1267/walker"
      },
      "original": {
        "shallow": true,
        "type": "git",
        "url": "https://github.com/abenz1267/walker"
      }
    },
    "xilo": {
      "inputs": {
        "flake-utils": "flake-utils_2",
        "nixpkgs": [
          "nixpkgs"
        ]
      },
      "locked": {
        "lastModified": 1786177123,
        "narHash": "sha256-CPvOXHYRJ1dtAfi6PuDjWpS3aCm6FuDTpZ24LRRz1C0=",
        "ref": "refs/heads/master",
        "rev": "857923e34af55ad0c92b86233b55d9172b5868a2",
        "shallow": true,
        "type": "git",
        "url": "https://github.com/stubbedev/xilo"
      },
      "original": {
        "shallow": true,
        "type": "git",
        "url": "https://github.com/stubbedev/xilo"
      }
    },
    "zen-browser": {
      "inputs": {
        "home-manager": [
          "home-manager"
        ],
        "nixpkgs": [
          "nixpkgs"
        ]
      },
      "locked": {
        "lastModified": 1786271691,
        "narHash": "sha256-/vv/BhD9JEAnK0Wqi/7oYSldlInKwyiQzEzNr7TlEoo=",
        "ref": "refs/heads/main",
        "rev": "ab94fee66442d29b2f437b3456a791cf75793d50",
        "shallow": true,
        "type": "git",
        "url": "https://github.com/0xc000022070/zen-browser-flake"
      },
      "original": {
        "shallow": true,
        "type": "git",
        "url": "https://github.com/0xc000022070/zen-browser-flake"
      }
    },
    "zen-browser-catppuccin": {
      "flake": false,
      "locked": {
        "lastModified": 1776286469,
        "narHash": "sha256-s+vmLwD4BA9Sb5UppTA7NJtCBX2XALqhxEleycvROLA=",
        "owner": "catppuccin",
        "repo": "zen-browser",
        "rev": "dbfa3f6b29ef46b57375a3745f20bb7a50702727",
        "type": "github"
      },
      "original": {
        "owner": "catppuccin",
        "repo": "zen-browser",
        "rev": "dbfa3f6b29ef46b57375a3745f20bb7a50702727",
        "type": "github"
      }
    }
  },
  "root": "root",
  "version": 7
}
